
Microsoft Visual Studio Solution File, Format Version 12.00
Project("{FAE04EC0-301F-11D3-BF4B-00C04F79EFBC}") = "SchoolTimetableGeneratorGA", "SchoolTimetableGeneratorGA\SchoolTimetableGeneratorGA.csproj", "{E5B9CE23-CC6B-4C43-BC8F-468CF9321489}"
EndProject
Global
	GlobalSection(SolutionConfigurationPlatforms) = preSolution
		Debug|Any CPU = Debug|Any CPU
		Release|Any CPU = Release|Any CPU
	EndGlobalSection
	GlobalSection(ProjectConfigurationPlatforms) = postSolution
		{E5B9CE23-CC6B-4C43-BC8F-468CF9321489}.Debug|Any CPU.ActiveCfg = Debug|Any CPU
		{E5B9CE23-CC6B-4C43-BC8F-468CF9321489}.Debug|Any CPU.Build.0 = Debug|Any CPU
		{E5B9CE23-CC6B-4C43-BC8F-468CF9321489}.Release|Any CPU.ActiveCfg = Release|Any CPU
		{E5B9CE23-CC6B-4C43-BC8F-468CF9321489}.Release|Any CPU.Build.0 = Release|Any CPU
	EndGlobalSection
EndGlobal
